// !$*UTF8*$!
{
	archiveVersion = 1;
	classes = {
	};
	objectVersion = 46;
	objects = {

/* Begin PBXBuildFile section */
		921203B71ED597BA00BD973F /* GloablCalculator.swift in Sources */ = {isa = PBXBuildFile; fileRef = 921203B61ED597BA00BD973F /* GloablCalculator.swift */; };
		921203B91ED597C400BD973F /* SensorList.swift in Sources */ = {isa = PBXBuildFile; fileRef = 921203B81ED597C400BD973F /* SensorList.swift */; };
		921203BB1ED597CD00BD973F /* ECUSensor.swift in Sources */ = {isa = PBXBuildFile; fileRef = 921203BA1ED597CD00BD973F /* ECUSensor.swift */; };
		921203BF1ED597E700BD973F /* ELM327.swift in Sources */ = {isa = PBXBuildFile; fileRef = 921203BE1ED597E700BD973F /* ELM327.swift */; };
		921203C41ED597F500BD973F /* ELM327Command.swift in Sources */ = {isa = PBXBuildFile; fileRef = 921203C01ED597F500BD973F /* ELM327Command.swift */; };
		921203C51ED597F500BD973F /* ELM327CommandType.swift in Sources */ = {isa = PBXBuildFile; fileRef = 921203C11ED597F500BD973F /* ELM327CommandType.swift */; };
		921203C61ED597F500BD973F /* ELM327ResponseParser.swift in Sources */ = {isa = PBXBuildFile; fileRef = 921203C21ED597F500BD973F /* ELM327ResponseParser.swift */; };
		921203C71ED597F500BD973F /* ELM327State.swift in Sources */ = {isa = PBXBuildFile; fileRef = 921203C31ED597F500BD973F /* ELM327State.swift */; };
		921203C91ED5980F00BD973F /* ScanTool.swift in Sources */ = {isa = PBXBuildFile; fileRef = 921203C81ED5980F00BD973F /* ScanTool.swift */; };
		921203CB1ED5981600BD973F /* ScanToolDelegate.swift in Sources */ = {isa = PBXBuildFile; fileRef = 921203CA1ED5981600BD973F /* ScanToolDelegate.swift */; };
		921203CD1ED5982300BD973F /* ScanToolCommand.swift in Sources */ = {isa = PBXBuildFile; fileRef = 921203CC1ED5982300BD973F /* ScanToolCommand.swift */; };
		921203CF1ED5982B00BD973F /* ScanToolResponseParser.swift in Sources */ = {isa = PBXBuildFile; fileRef = 921203CE1ED5982B00BD973F /* ScanToolResponseParser.swift */; };
		921203D11ED5983500BD973F /* WifiScanTool.swift in Sources */ = {isa = PBXBuildFile; fileRef = 921203D01ED5983500BD973F /* WifiScanTool.swift */; };
		921203D31ED5987E00BD973F /* SensorDescriptorTable.swift in Sources */ = {isa = PBXBuildFile; fileRef = 921203D21ED5987E00BD973F /* SensorDescriptorTable.swift */; };
		921203D81ED598C000BD973F /* DiagnosticTroubleCode.swift in Sources */ = {isa = PBXBuildFile; fileRef = 921203D41ED598C000BD973F /* DiagnosticTroubleCode.swift */; };
		921203D91ED598C000BD973F /* ResponseType.swift in Sources */ = {isa = PBXBuildFile; fileRef = 921203D51ED598C000BD973F /* ResponseType.swift */; };
		921203DA1ED598C000BD973F /* ScanToolState.swift in Sources */ = {isa = PBXBuildFile; fileRef = 921203D61ED598C000BD973F /* ScanToolState.swift */; };
		921203DB1ED598C000BD973F /* SensorDescriptor.swift in Sources */ = {isa = PBXBuildFile; fileRef = 921203D71ED598C000BD973F /* SensorDescriptor.swift */; };
		921203DD1ED598D000BD973F /* ScanToolResponse.swift in Sources */ = {isa = PBXBuildFile; fileRef = 921203DC1ED598D000BD973F /* ScanToolResponse.swift */; };
		921203E01ED598DF00BD973F /* Info.plist in Resources */ = {isa = PBXBuildFile; fileRef = 921203DE1ED598DF00BD973F /* Info.plist */; };
		921203E41ED598FF00BD973F /* Info.plist in Resources */ = {isa = PBXBuildFile; fileRef = 921203E21ED598FF00BD973F /* Info.plist */; };
		921203E61ED599A000BD973F /* OBD2_Swift_LibTests.swift in Sources */ = {isa = PBXBuildFile; fileRef = 921203E31ED598FF00BD973F /* OBD2_Swift_LibTests.swift */; };
		9258F2F11EAF45E7006B7580 /* OBD2Swift.framework in Frameworks */ = {isa = PBXBuildFile; fileRef = 9258F2E71EAF45E7006B7580 /* OBD2Swift.framework */; };
/* End PBXBuildFile section */

/* Begin PBXContainerItemProxy section */
		9258F2F21EAF45E7006B7580 /* PBXContainerItemProxy */ = {
			isa = PBXContainerItemProxy;
			containerPortal = 9258F2DE1EAF45E7006B7580 /* Project object */;
			proxyType = 1;
			remoteGlobalIDString = 9258F2E61EAF45E7006B7580;
			remoteInfo = "OBD2-Swift_Lib";
		};
/* End PBXContainerItemProxy section */

/* Begin PBXFileReference section */
		921203B61ED597BA00BD973F /* GloablCalculator.swift */ = {isa = PBXFileReference; fileEncoding = 4; lastKnownFileType = sourcecode.swift; name = GloablCalculator.swift; path = "OBD2-Swift/Classes/GloablCalculator.swift"; sourceTree = SOURCE_ROOT; };
		921203B81ED597C400BD973F /* SensorList.swift */ = {isa = PBXFileReference; fileEncoding = 4; lastKnownFileType = sourcecode.swift; name = SensorList.swift; path = "OBD2-Swift/Classes/SensorList.swift"; sourceTree = SOURCE_ROOT; };
		921203BA1ED597CD00BD973F /* ECUSensor.swift */ = {isa = PBXFileReference; fileEncoding = 4; lastKnownFileType = sourcecode.swift; name = ECUSensor.swift; path = "OBD2-Swift/Classes/ECUSensor.swift"; sourceTree = SOURCE_ROOT; };
		921203BE1ED597E700BD973F /* ELM327.swift */ = {isa = PBXFileReference; fileEncoding = 4; lastKnownFileType = sourcecode.swift; name = ELM327.swift; path = "OBD2-Swift/Classes/ELM327.swift"; sourceTree = SOURCE_ROOT; };
		921203C01ED597F500BD973F /* ELM327Command.swift */ = {isa = PBXFileReference; fileEncoding = 4; lastKnownFileType = sourcecode.swift; name = ELM327Command.swift; path = "OBD2-Swift/Classes/ELM327Command.swift"; sourceTree = SOURCE_ROOT; };
		921203C11ED597F500BD973F /* ELM327CommandType.swift */ = {isa = PBXFileReference; fileEncoding = 4; lastKnownFileType = sourcecode.swift; name = ELM327CommandType.swift; path = "OBD2-Swift/Classes/ELM327CommandType.swift"; sourceTree = SOURCE_ROOT; };
		921203C21ED597F500BD973F /* ELM327ResponseParser.swift */ = {isa = PBXFileReference; fileEncoding = 4; lastKnownFileType = sourcecode.swift; name = ELM327ResponseParser.swift; path = "OBD2-Swift/Classes/ELM327ResponseParser.swift"; sourceTree = SOURCE_ROOT; };
		921203C31ED597F500BD973F /* ELM327State.swift */ = {isa = PBXFileReference; fileEncoding = 4; lastKnownFileType = sourcecode.swift; name = ELM327State.swift; path = "OBD2-Swift/Classes/ELM327State.swift"; sourceTree = SOURCE_ROOT; };
		921203C81ED5980F00BD973F /* ScanTool.swift */ = {isa = PBXFileReference; fileEncoding = 4; lastKnownFileType = sourcecode.swift; name = ScanTool.swift; path = "OBD2-Swift/Classes/ScanTool.swift"; sourceTree = SOURCE_ROOT; };
		921203CA1ED5981600BD973F /* ScanToolDelegate.swift */ = {isa = PBXFileReference; fileEncoding = 4; lastKnownFileType = sourcecode.swift; name = ScanToolDelegate.swift; path = "OBD2-Swift/Classes/ScanToolDelegate.swift"; sourceTree = SOURCE_ROOT; };
		921203CC1ED5982300BD973F /* ScanToolCommand.swift */ = {isa = PBXFileReference; fileEncoding = 4; lastKnownFileType = sourcecode.swift; name = ScanToolCommand.swift; path = "OBD2-Swift/Classes/ScanToolCommand.swift"; sourceTree = SOURCE_ROOT; };
		921203CE1ED5982B00BD973F /* ScanToolResponseParser.swift */ = {isa = PBXFileReference; fileEncoding = 4; lastKnownFileType = sourcecode.swift; name = ScanToolResponseParser.swift; path = "OBD2-Swift/Classes/ScanToolResponseParser.swift"; sourceTree = SOURCE_ROOT; };
		921203D01ED5983500BD973F /* WifiScanTool.swift */ = {isa = PBXFileReference; fileEncoding = 4; lastKnownFileType = sourcecode.swift; name = WifiScanTool.swift; path = "OBD2-Swift/Classes/WifiScanTool.swift"; sourceTree = SOURCE_ROOT; };
		921203D21ED5987E00BD973F /* SensorDescriptorTable.swift */ = {isa = PBXFileReference; fileEncoding = 4; lastKnownFileType = sourcecode.swift; name = SensorDescriptorTable.swift; path = "OBD2-Swift/Classes/SensorDescriptorTable.swift"; sourceTree = SOURCE_ROOT; };
		921203D41ED598C000BD973F /* DiagnosticTroubleCode.swift */ = {isa = PBXFileReference; fileEncoding = 4; lastKnownFileType = sourcecode.swift; name = DiagnosticTroubleCode.swift; path = "OBD2-Swift/Classes/DiagnosticTroubleCode.swift"; sourceTree = SOURCE_ROOT; };
		921203D51ED598C000BD973F /* ResponseType.swift */ = {isa = PBXFileReference; fileEncoding = 4; lastKnownFileType = sourcecode.swift; name = ResponseType.swift; path = "OBD2-Swift/Classes/ResponseType.swift"; sourceTree = SOURCE_ROOT; };
		921203D61ED598C000BD973F /* ScanToolState.swift */ = {isa = PBXFileReference; fileEncoding = 4; lastKnownFileType = sourcecode.swift; name = ScanToolState.swift; path = "OBD2-Swift/Classes/ScanToolState.swift"; sourceTree = SOURCE_ROOT; };
		921203D71ED598C000BD973F /* SensorDescriptor.swift */ = {isa = PBXFileReference; fileEncoding = 4; lastKnownFileType = sourcecode.swift; name = SensorDescriptor.swift; path = "OBD2-Swift/Classes/SensorDescriptor.swift"; sourceTree = SOURCE_ROOT; };
		921203DC1ED598D000BD973F /* ScanToolResponse.swift */ = {isa = PBXFileReference; fileEncoding = 4; lastKnownFileType = sourcecode.swift; name = ScanToolResponse.swift; path = "OBD2-Swift/Classes/ScanToolResponse.swift"; sourceTree = SOURCE_ROOT; };
		921203DE1ED598DF00BD973F /* Info.plist */ = {isa = PBXFileReference; fileEncoding = 4; lastKnownFileType = text.plist.xml; name = Info.plist; path = "OBD2-Swift/Info.plist"; sourceTree = SOURCE_ROOT; };
		921203DF1ED598DF00BD973F /* OBD2Swift.h */ = {isa = PBXFileReference; fileEncoding = 4; lastKnownFileType = sourcecode.c.h; name = OBD2Swift.h; path = "OBD2-Swift/OBD2Swift.h"; sourceTree = SOURCE_ROOT; };
		921203E21ED598FF00BD973F /* Info.plist */ = {isa = PBXFileReference; fileEncoding = 4; lastKnownFileType = text.plist.xml; name = Info.plist; path = "OBD2-Swift-Tests/Info.plist"; sourceTree = SOURCE_ROOT; };
		921203E31ED598FF00BD973F /* OBD2_Swift_LibTests.swift */ = {isa = PBXFileReference; fileEncoding = 4; lastKnownFileType = sourcecode.swift; name = OBD2_Swift_LibTests.swift; path = "OBD2-Swift-Tests/OBD2_Swift_LibTests.swift"; sourceTree = SOURCE_ROOT; };
		9258F2E71EAF45E7006B7580 /* OBD2Swift.framework */ = {isa = PBXFileReference; explicitFileType = wrapper.framework; includeInIndex = 0; path = OBD2Swift.framework; sourceTree = BUILT_PRODUCTS_DIR; };
		9258F2F01EAF45E7006B7580 /* OBD2SwiftTests.xctest */ = {isa = PBXFileReference; explicitFileType = wrapper.cfbundle; includeInIndex = 0; path = OBD2SwiftTests.xctest; sourceTree = BUILT_PRODUCTS_DIR; };
/* End PBXFileReference section */

/* Begin PBXFrameworksBuildPhase section */
		9258F2E31EAF45E7006B7580 /* Frameworks */ = {
			isa = PBXFrameworksBuildPhase;
			buildActionMask = 2147483647;
			files = (
			);
			runOnlyForDeploymentPostprocessing = 0;
		};
		9258F2ED1EAF45E7006B7580 /* Frameworks */ = {
			isa = PBXFrameworksBuildPhase;
			buildActionMask = 2147483647;
			files = (
				9258F2F11EAF45E7006B7580 /* OBD2Swift.framework in Frameworks */,
			);
			runOnlyForDeploymentPostprocessing = 0;
		};
/* End PBXFrameworksBuildPhase section */

/* Begin PBXGroup section */
		9258F2DD1EAF45E7006B7580 = {
			isa = PBXGroup;
			children = (
				9258F2E91EAF45E7006B7580 /* OBD2Swift */,
				9258F2F41EAF45E7006B7580 /* OBD2SwiftTests */,
				9258F2E81EAF45E7006B7580 /* Products */,
			);
			sourceTree = "<group>";
		};
		9258F2E81EAF45E7006B7580 /* Products */ = {
			isa = PBXGroup;
			children = (
				9258F2E71EAF45E7006B7580 /* OBD2Swift.framework */,
				9258F2F01EAF45E7006B7580 /* OBD2SwiftTests.xctest */,
			);
			name = Products;
			sourceTree = "<group>";
		};
		9258F2E91EAF45E7006B7580 /* OBD2Swift */ = {
			isa = PBXGroup;
			children = (
				9258F3A71EAF7F95006B7580 /* Classes */,
				921203DE1ED598DF00BD973F /* Info.plist */,
				921203DF1ED598DF00BD973F /* OBD2Swift.h */,
			);
			name = OBD2Swift;
			path = "OBD2-Swift_Lib";
			sourceTree = "<group>";
		};
		9258F2F41EAF45E7006B7580 /* OBD2SwiftTests */ = {
			isa = PBXGroup;
			children = (
				921203E21ED598FF00BD973F /* Info.plist */,
				921203E31ED598FF00BD973F /* OBD2_Swift_LibTests.swift */,
			);
			name = OBD2SwiftTests;
			path = "OBD2-Swift_LibTests";
			sourceTree = "<group>";
		};
		9258F3A71EAF7F95006B7580 /* Classes */ = {
			isa = PBXGroup;
			children = (
				9263F7F51EB224670003C53F /* Calculator */,
				9263F7D71EB216F30003C53F /* Sensor */,
				9263F7CD1EB1F0320003C53F /* ELM327 */,
				921203C81ED5980F00BD973F /* ScanTool.swift */,
				921203CA1ED5981600BD973F /* ScanToolDelegate.swift */,
				926784061EB08E7C006ACA53 /* Parser */,
				926783FB1EB08D7A006ACA53 /* Command */,
				9258F4081EAF86F7006B7580 /* ScanTool */,
				9258F4051EAF8243006B7580 /* Model */,
			);
			path = Classes;
			sourceTree = "<group>";
		};
		9258F4051EAF8243006B7580 /* Model */ = {
			isa = PBXGroup;
			children = (
				921203D41ED598C000BD973F /* DiagnosticTroubleCode.swift */,
				921203D51ED598C000BD973F /* ResponseType.swift */,
				921203D61ED598C000BD973F /* ScanToolState.swift */,
				921203D71ED598C000BD973F /* SensorDescriptor.swift */,
				921203DC1ED598D000BD973F /* ScanToolResponse.swift */,
			);
			name = Model;
			sourceTree = "<group>";
		};
		9258F4081EAF86F7006B7580 /* ScanTool */ = {
			isa = PBXGroup;
			children = (
				921203D01ED5983500BD973F /* WifiScanTool.swift */,
			);
			name = ScanTool;
			sourceTree = "<group>";
		};
		9263F7CD1EB1F0320003C53F /* ELM327 */ = {
			isa = PBXGroup;
			children = (
				921203BE1ED597E700BD973F /* ELM327.swift */,
				921203C01ED597F500BD973F /* ELM327Command.swift */,
				921203C11ED597F500BD973F /* ELM327CommandType.swift */,
				921203C21ED597F500BD973F /* ELM327ResponseParser.swift */,
				921203C31ED597F500BD973F /* ELM327State.swift */,
			);
			name = ELM327;
			sourceTree = "<group>";
		};
		9263F7D71EB216F30003C53F /* Sensor */ = {
			isa = PBXGroup;
			children = (
				921203B81ED597C400BD973F /* SensorList.swift */,
				921203BA1ED597CD00BD973F /* ECUSensor.swift */,
				921203D21ED5987E00BD973F /* SensorDescriptorTable.swift */,
			);
			name = Sensor;
			sourceTree = "<group>";
		};
		9263F7F51EB224670003C53F /* Calculator */ = {
			isa = PBXGroup;
			children = (
				921203B61ED597BA00BD973F /* GloablCalculator.swift */,
			);
			name = Calculator;
			sourceTree = "<group>";
		};
		926783FB1EB08D7A006ACA53 /* Command */ = {
			isa = PBXGroup;
			children = (
				921203CC1ED5982300BD973F /* ScanToolCommand.swift */,
			);
			name = Command;
			sourceTree = "<group>";
		};
		926784061EB08E7C006ACA53 /* Parser */ = {
			isa = PBXGroup;
			children = (
				921203CE1ED5982B00BD973F /* ScanToolResponseParser.swift */,
			);
			name = Parser;
			sourceTree = "<group>";
		};
/* End PBXGroup section */

/* Begin PBXHeadersBuildPhase section */
		9258F2E41EAF45E7006B7580 /* Headers */ = {
			isa = PBXHeadersBuildPhase;
			buildActionMask = 2147483647;
			files = (
			);
			runOnlyForDeploymentPostprocessing = 0;
		};
/* End PBXHeadersBuildPhase section */

/* Begin PBXNativeTarget section */
		9258F2E61EAF45E7006B7580 /* OBD2Swift */ = {
			isa = PBXNativeTarget;
			buildConfigurationList = 9258F2FB1EAF45E7006B7580 /* Build configuration list for PBXNativeTarget "OBD2Swift" */;
			buildPhases = (
				9258F2E21EAF45E7006B7580 /* Sources */,
				9258F2E31EAF45E7006B7580 /* Frameworks */,
				9258F2E41EAF45E7006B7580 /* Headers */,
				9258F2E51EAF45E7006B7580 /* Resources */,
			);
			buildRules = (
			);
			dependencies = (
			);
			name = OBD2Swift;
			productName = "OBD2-Swift_Lib";
			productReference = 9258F2E71EAF45E7006B7580 /* OBD2Swift.framework */;
			productType = "com.apple.product-type.framework";
		};
		9258F2EF1EAF45E7006B7580 /* OBD2SwiftTests */ = {
			isa = PBXNativeTarget;
			buildConfigurationList = 9258F2FE1EAF45E7006B7580 /* Build configuration list for PBXNativeTarget "OBD2SwiftTests" */;
			buildPhases = (
				9258F2EC1EAF45E7006B7580 /* Sources */,
				9258F2ED1EAF45E7006B7580 /* Frameworks */,
				9258F2EE1EAF45E7006B7580 /* Resources */,
			);
			buildRules = (
			);
			dependencies = (
				9258F2F31EAF45E7006B7580 /* PBXTargetDependency */,
			);
			name = OBD2SwiftTests;
			productName = "OBD2-Swift_LibTests";
			productReference = 9258F2F01EAF45E7006B7580 /* OBD2SwiftTests.xctest */;
			productType = "com.apple.product-type.bundle.unit-test";
		};
/* End PBXNativeTarget section */

/* Begin PBXProject section */
		9258F2DE1EAF45E7006B7580 /* Project object */ = {
			isa = PBXProject;
			attributes = {
				LastSwiftUpdateCheck = 0830;
				LastUpgradeCheck = 0830;
				ORGANIZATIONNAME = Lemberg;
				TargetAttributes = {
					9258F2E61EAF45E7006B7580 = {
						CreatedOnToolsVersion = 8.3.2;
						DevelopmentTeam = FN2T3UCV4E;
						LastSwiftMigration = 0830;
						ProvisioningStyle = Automatic;
					};
					9258F2EF1EAF45E7006B7580 = {
						CreatedOnToolsVersion = 8.3.2;
						DevelopmentTeam = FN2T3UCV4E;
						ProvisioningStyle = Automatic;
					};
				};
			};
			buildConfigurationList = 9258F2E11EAF45E7006B7580 /* Build configuration list for PBXProject "OBD2Swift" */;
			compatibilityVersion = "Xcode 3.2";
			developmentRegion = English;
			hasScannedForEncodings = 0;
			knownRegions = (
				en,
			);
			mainGroup = 9258F2DD1EAF45E7006B7580;
			productRefGroup = 9258F2E81EAF45E7006B7580 /* Products */;
			projectDirPath = "";
			projectRoot = "";
			targets = (
				9258F2E61EAF45E7006B7580 /* OBD2Swift */,
				9258F2EF1EAF45E7006B7580 /* OBD2SwiftTests */,
			);
		};
/* End PBXProject section */

/* Begin PBXResourcesBuildPhase section */
		9258F2E51EAF45E7006B7580 /* Resources */ = {
			isa = PBXResourcesBuildPhase;
			buildActionMask = 2147483647;
			files = (
				921203E41ED598FF00BD973F /* Info.plist in Resources */,
				921203E01ED598DF00BD973F /* Info.plist in Resources */,
			);
			runOnlyForDeploymentPostprocessing = 0;
		};
		9258F2EE1EAF45E7006B7580 /* Resources */ = {
			isa = PBXResourcesBuildPhase;
			buildActionMask = 2147483647;
			files = (
			);
			runOnlyForDeploymentPostprocessing = 0;
		};
/* End PBXResourcesBuildPhase section */

/* Begin PBXSourcesBuildPhase section */
		9258F2E21EAF45E7006B7580 /* Sources */ = {
			isa = PBXSourcesBuildPhase;
			buildActionMask = 2147483647;
			files = (
				921203DB1ED598C000BD973F /* SensorDescriptor.swift in Sources */,
				921203D81ED598C000BD973F /* DiagnosticTroubleCode.swift in Sources */,
				921203C61ED597F500BD973F /* ELM327ResponseParser.swift in Sources */,
				921203C51ED597F500BD973F /* ELM327CommandType.swift in Sources */,
				921203D11ED5983500BD973F /* WifiScanTool.swift in Sources */,
				921203C71ED597F500BD973F /* ELM327State.swift in Sources */,
				921203BF1ED597E700BD973F /* ELM327.swift in Sources */,
				921203BB1ED597CD00BD973F /* ECUSensor.swift in Sources */,
				921203C41ED597F500BD973F /* ELM327Command.swift in Sources */,
				921203B71ED597BA00BD973F /* GloablCalculator.swift in Sources */,
				921203D31ED5987E00BD973F /* SensorDescriptorTable.swift in Sources */,
				921203CD1ED5982300BD973F /* ScanToolCommand.swift in Sources */,
				921203C91ED5980F00BD973F /* ScanTool.swift in Sources */,
				921203DA1ED598C000BD973F /* ScanToolState.swift in Sources */,
				921203DD1ED598D000BD973F /* ScanToolResponse.swift in Sources */,
				921203CB1ED5981600BD973F /* ScanToolDelegate.swift in Sources */,
				921203CF1ED5982B00BD973F /* ScanToolResponseParser.swift in Sources */,
				921203B91ED597C400BD973F /* SensorList.swift in Sources */,
				921203D91ED598C000BD973F /* ResponseType.swift in Sources */,
			);
			runOnlyForDeploymentPostprocessing = 0;
		};
		9258F2EC1EAF45E7006B7580 /* Sources */ = {
			isa = PBXSourcesBuildPhase;
			buildActionMask = 2147483647;
			files = (
				921203E61ED599A000BD973F /* OBD2_Swift_LibTests.swift in Sources */,
			);
			runOnlyForDeploymentPostprocessing = 0;
		};
/* End PBXSourcesBuildPhase section */

/* Begin PBXTargetDependency section */
		9258F2F31EAF45E7006B7580 /* PBXTargetDependency */ = {
			isa = PBXTargetDependency;
			target = 9258F2E61EAF45E7006B7580 /* OBD2Swift */;
			targetProxy = 9258F2F21EAF45E7006B7580 /* PBXContainerItemProxy */;
		};
/* End PBXTargetDependency section */

/* Begin XCBuildConfiguration section */
		9258F2F91EAF45E7006B7580 /* Debug */ = {
			isa = XCBuildConfiguration;
			buildSettings = {
				ALWAYS_SEARCH_USER_PATHS = NO;
				CLANG_ANALYZER_NONNULL = YES;
				CLANG_ANALYZER_NUMBER_OBJECT_CONVERSION = YES_AGGRESSIVE;
				CLANG_CXX_LANGUAGE_STANDARD = "gnu++0x";
				CLANG_CXX_LIBRARY = "libc++";
				CLANG_ENABLE_MODULES = YES;
				CLANG_ENABLE_OBJC_ARC = YES;
				CLANG_WARN_BOOL_CONVERSION = YES;
				CLANG_WARN_CONSTANT_CONVERSION = YES;
				CLANG_WARN_DIRECT_OBJC_ISA_USAGE = YES_ERROR;
				CLANG_WARN_DOCUMENTATION_COMMENTS = YES;
				CLANG_WARN_EMPTY_BODY = YES;
				CLANG_WARN_ENUM_CONVERSION = YES;
				CLANG_WARN_INFINITE_RECURSION = YES;
				CLANG_WARN_INT_CONVERSION = YES;
				CLANG_WARN_OBJC_ROOT_CLASS = YES_ERROR;
				CLANG_WARN_SUSPICIOUS_MOVE = YES;
				CLANG_WARN_UNREACHABLE_CODE = YES;
				CLANG_WARN__DUPLICATE_METHOD_MATCH = YES;
				"CODE_SIGN_IDENTITY[sdk=iphoneos*]" = "iPhone Developer";
				COPY_PHASE_STRIP = NO;
				CURRENT_PROJECT_VERSION = 1;
				DEBUG_INFORMATION_FORMAT = dwarf;
				ENABLE_STRICT_OBJC_MSGSEND = YES;
				ENABLE_TESTABILITY = YES;
				GCC_C_LANGUAGE_STANDARD = gnu99;
				GCC_DYNAMIC_NO_PIC = NO;
				GCC_NO_COMMON_BLOCKS = YES;
				GCC_OPTIMIZATION_LEVEL = 0;
				GCC_PREPROCESSOR_DEFINITIONS = (
					"DEBUG=1",
					"$(inherited)",
				);
				GCC_WARN_64_TO_32_BIT_CONVERSION = YES;
				GCC_WARN_ABOUT_RETURN_TYPE = YES_ERROR;
				GCC_WARN_UNDECLARED_SELECTOR = YES;
				GCC_WARN_UNINITIALIZED_AUTOS = YES_AGGRESSIVE;
				GCC_WARN_UNUSED_FUNCTION = YES;
				GCC_WARN_UNUSED_VARIABLE = YES;
				IPHONEOS_DEPLOYMENT_TARGET = 10.3;
				MTL_ENABLE_DEBUG_INFO = YES;
				ONLY_ACTIVE_ARCH = YES;
				SDKROOT = iphoneos;
				SWIFT_ACTIVE_COMPILATION_CONDITIONS = DEBUG;
				SWIFT_OPTIMIZATION_LEVEL = "-Onone";
				TARGETED_DEVICE_FAMILY = "1,2";
				VERSIONING_SYSTEM = "apple-generic";
				VERSION_INFO_PREFIX = "";
			};
			name = Debug;
		};
		9258F2FA1EAF45E7006B7580 /* Release */ = {
			isa = XCBuildConfiguration;
			buildSettings = {
				ALWAYS_SEARCH_USER_PATHS = NO;
				CLANG_ANALYZER_NONNULL = YES;
				CLANG_ANALYZER_NUMBER_OBJECT_CONVERSION = YES_AGGRESSIVE;
				CLANG_CXX_LANGUAGE_STANDARD = "gnu++0x";
				CLANG_CXX_LIBRARY = "libc++";
				CLANG_ENABLE_MODULES = YES;
				CLANG_ENABLE_OBJC_ARC = YES;
				CLANG_WARN_BOOL_CONVERSION = YES;
				CLANG_WARN_CONSTANT_CONVERSION = YES;
				CLANG_WARN_DIRECT_OBJC_ISA_USAGE = YES_ERROR;
				CLANG_WARN_DOCUMENTATION_COMMENTS = YES;
				CLANG_WARN_EMPTY_BODY = YES;
				CLANG_WARN_ENUM_CONVERSION = YES;
				CLANG_WARN_INFINITE_RECURSION = YES;
				CLANG_WARN_INT_CONVERSION = YES;
				CLANG_WARN_OBJC_ROOT_CLASS = YES_ERROR;
				CLANG_WARN_SUSPICIOUS_MOVE = YES;
				CLANG_WARN_UNREACHABLE_CODE = YES;
				CLANG_WARN__DUPLICATE_METHOD_MATCH = YES;
				"CODE_SIGN_IDENTITY[sdk=iphoneos*]" = "iPhone Developer";
				COPY_PHASE_STRIP = NO;
				CURRENT_PROJECT_VERSION = 1;
				DEBUG_INFORMATION_FORMAT = "dwarf-with-dsym";
				ENABLE_NS_ASSERTIONS = NO;
				ENABLE_STRICT_OBJC_MSGSEND = YES;
				GCC_C_LANGUAGE_STANDARD = gnu99;
				GCC_NO_COMMON_BLOCKS = YES;
				GCC_WARN_64_TO_32_BIT_CONVERSION = YES;
				GCC_WARN_ABOUT_RETURN_TYPE = YES_ERROR;
				GCC_WARN_UNDECLARED_SELECTOR = YES;
				GCC_WARN_UNINITIALIZED_AUTOS = YES_AGGRESSIVE;
				GCC_WARN_UNUSED_FUNCTION = YES;
				GCC_WARN_UNUSED_VARIABLE = YES;
				IPHONEOS_DEPLOYMENT_TARGET = 10.3;
				MTL_ENABLE_DEBUG_INFO = NO;
				SDKROOT = iphoneos;
				SWIFT_OPTIMIZATION_LEVEL = "-Owholemodule";
				TARGETED_DEVICE_FAMILY = "1,2";
				VALIDATE_PRODUCT = YES;
				VERSIONING_SYSTEM = "apple-generic";
				VERSION_INFO_PREFIX = "";
			};
			name = Release;
		};
		9258F2FC1EAF45E7006B7580 /* Debug */ = {
			isa = XCBuildConfiguration;
			buildSettings = {
				APPLICATION_EXTENSION_API_ONLY = YES;
				CLANG_ENABLE_MODULES = YES;
				CODE_SIGN_IDENTITY = "";
				DEFINES_MODULE = YES;
				DEVELOPMENT_TEAM = FN2T3UCV4E;
				DYLIB_COMPATIBILITY_VERSION = 1;
				DYLIB_CURRENT_VERSION = 1;
				DYLIB_INSTALL_NAME_BASE = "@rpath";
				INFOPLIST_FILE = "$(SRCROOT)/OBD2-Swift/Info.plist";
				INSTALL_PATH = "$(LOCAL_LIBRARY_DIR)/Frameworks";
				LD_RUNPATH_SEARCH_PATHS = "$(inherited) @executable_path/Frameworks @loader_path/Frameworks";
				PRODUCT_BUNDLE_IDENTIFIER = com.lemberg.OBD2Swift;
				PRODUCT_NAME = "$(TARGET_NAME)";
				SKIP_INSTALL = YES;
				SWIFT_OPTIMIZATION_LEVEL = "-Onone";
				SWIFT_VERSION = 3.0;
			};
			name = Debug;
		};
		9258F2FD1EAF45E7006B7580 /* Release */ = {
			isa = XCBuildConfiguration;
			buildSettings = {
				APPLICATION_EXTENSION_API_ONLY = YES;
				CLANG_ENABLE_MODULES = YES;
				CODE_SIGN_IDENTITY = "";
				DEFINES_MODULE = YES;
				DEVELOPMENT_TEAM = FN2T3UCV4E;
				DYLIB_COMPATIBILITY_VERSION = 1;
				DYLIB_CURRENT_VERSION = 1;
				DYLIB_INSTALL_NAME_BASE = "@rpath";
				INFOPLIST_FILE = "$(SRCROOT)/OBD2-Swift/Info.plist";
				INSTALL_PATH = "$(LOCAL_LIBRARY_DIR)/Frameworks";
				LD_RUNPATH_SEARCH_PATHS = "$(inherited) @executable_path/Frameworks @loader_path/Frameworks";
				PRODUCT_BUNDLE_IDENTIFIER = com.lemberg.OBD2Swift;
				PRODUCT_NAME = "$(TARGET_NAME)";
				SKIP_INSTALL = YES;
				SWIFT_VERSION = 3.0;
			};
			name = Release;
		};
		9258F2FF1EAF45E7006B7580 /* Debug */ = {
			isa = XCBuildConfiguration;
			buildSettings = {
				ALWAYS_EMBED_SWIFT_STANDARD_LIBRARIES = YES;
				DEVELOPMENT_TEAM = FN2T3UCV4E;
				INFOPLIST_FILE = "OBD2-Swift_LibTests/Info.plist";
				LD_RUNPATH_SEARCH_PATHS = "$(inherited) @executable_path/Frameworks @loader_path/Frameworks";
				PRODUCT_BUNDLE_IDENTIFIER = "com.lemberg.OBD2-Swift-LibTests";
				PRODUCT_NAME = "$(TARGET_NAME)";
				SWIFT_VERSION = 3.0;
			};
			name = Debug;
		};
		9258F3001EAF45E7006B7580 /* Release */ = {
			isa = XCBuildConfiguration;
			buildSettings = {
				ALWAYS_EMBED_SWIFT_STANDARD_LIBRARIES = YES;
				DEVELOPMENT_TEAM = FN2T3UCV4E;
				INFOPLIST_FILE = "OBD2-Swift_LibTests/Info.plist";
				LD_RUNPATH_SEARCH_PATHS = "$(inherited) @executable_path/Frameworks @loader_path/Frameworks";
				PRODUCT_BUNDLE_IDENTIFIER = "com.lemberg.OBD2-Swift-LibTests";
				PRODUCT_NAME = "$(TARGET_NAME)";
				SWIFT_VERSION = 3.0;
			};
			name = Release;
		};
/* End XCBuildConfiguration section */

/* Begin XCConfigurationList section */
		9258F2E11EAF45E7006B7580 /* Build configuration list for PBXProject "OBD2Swift" */ = {
			isa = XCConfigurationList;
			buildConfigurations = (
				9258F2F91EAF45E7006B7580 /* Debug */,
				9258F2FA1EAF45E7006B7580 /* Release */,
			);
			defaultConfigurationIsVisible = 0;
			defaultConfigurationName = Release;
		};
		9258F2FB1EAF45E7006B7580 /* Build configuration list for PBXNativeTarget "OBD2Swift" */ = {
			isa = XCConfigurationList;
			buildConfigurations = (
				9258F2FC1EAF45E7006B7580 /* Debug */,
				9258F2FD1EAF45E7006B7580 /* Release */,
			);
			defaultConfigurationIsVisible = 0;
			defaultConfigurationName = Release;
		};
		9258F2FE1EAF45E7006B7580 /* Build configuration list for PBXNativeTarget "OBD2SwiftTests" */ = {
			isa = XCConfigurationList;
			buildConfigurations = (
				9258F2FF1EAF45E7006B7580 /* Debug */,
				9258F3001EAF45E7006B7580 /* Release */,
			);
			defaultConfigurationIsVisible = 0;
			defaultConfigurationName = Release;
		};
/* End XCConfigurationList section */
	};
	rootObject = 9258F2DE1EAF45E7006B7580 /* Project object */;
}
