// !$*UTF8*$!
{
	archiveVersion = 1;
	classes = {
	};
	objectVersion = 46;
	objects = {

/* Begin PBXBuildFile section */
		921203EB1ED5A7BB00BD973F /* OBD2Swift.framework in Embed Frameworks */ = {isa = PBXBuildFile; fileRef = 921203E91ED5A7BB00BD973F /* OBD2Swift.framework */; settings = {ATTRIBUTES = (CodeSignOnCopy, RemoveHeadersOnCopy, ); }; };
		9258F30E1EAF4664006B7580 /* AppDelegate.swift in Sources */ = {isa = PBXBuildFile; fileRef = 9258F30D1EAF4664006B7580 /* AppDelegate.swift */; };
		9258F3101EAF4664006B7580 /* ViewController.swift in Sources */ = {isa = PBXBuildFile; fileRef = 9258F30F1EAF4664006B7580 /* ViewController.swift */; };
		9258F3131EAF4664006B7580 /* Main.storyboard in Resources */ = {isa = PBXBuildFile; fileRef = 9258F3111EAF4664006B7580 /* Main.storyboard */; };
		9258F3161EAF4664006B7580 /* OBD2_Swift_lib_example.xcdatamodeld in Sources */ = {isa = PBXBuildFile; fileRef = 9258F3141EAF4664006B7580 /* OBD2_Swift_lib_example.xcdatamodeld */; };
		9258F3181EAF4664006B7580 /* Assets.xcassets in Resources */ = {isa = PBXBuildFile; fileRef = 9258F3171EAF4664006B7580 /* Assets.xcassets */; };
		9258F31B1EAF4664006B7580 /* LaunchScreen.storyboard in Resources */ = {isa = PBXBuildFile; fileRef = 9258F3191EAF4664006B7580 /* LaunchScreen.storyboard */; };
		9258F3431EAF55A7006B7580 /* OBD2Swift.framework in Frameworks */ = {isa = PBXBuildFile; fileRef = 9258F33B1EAF4F2F006B7580 /* OBD2Swift.framework */; };
		925EDD5B1EE96CF6009B7955 /* AppDelegate.swift in Sources */ = {isa = PBXBuildFile; fileRef = 925EDD5A1EE96CF6009B7955 /* AppDelegate.swift */; };
		925EDD5D1EE96CF6009B7955 /* ViewController.swift in Sources */ = {isa = PBXBuildFile; fileRef = 925EDD5C1EE96CF6009B7955 /* ViewController.swift */; };
		925EDD5F1EE96CF6009B7955 /* Assets.xcassets in Resources */ = {isa = PBXBuildFile; fileRef = 925EDD5E1EE96CF6009B7955 /* Assets.xcassets */; };
		925EDD621EE96CF6009B7955 /* Main.storyboard in Resources */ = {isa = PBXBuildFile; fileRef = 925EDD601EE96CF6009B7955 /* Main.storyboard */; };
		925EDDAB1EE97189009B7955 /* OBD2SwiftMacOS.framework in Frameworks */ = {isa = PBXBuildFile; fileRef = 925EDDA91EE97181009B7955 /* OBD2SwiftMacOS.framework */; };
		925EDDAC1EE97189009B7955 /* OBD2SwiftMacOS.framework in Embed Frameworks */ = {isa = PBXBuildFile; fileRef = 925EDDA91EE97181009B7955 /* OBD2SwiftMacOS.framework */; settings = {ATTRIBUTES = (CodeSignOnCopy, RemoveHeadersOnCopy, ); }; };
/* End PBXBuildFile section */

/* Begin PBXCopyFilesBuildPhase section */
		921203EC1ED5A7BB00BD973F /* Embed Frameworks */ = {
			isa = PBXCopyFilesBuildPhase;
			buildActionMask = 2147483647;
			dstPath = "";
			dstSubfolderSpec = 10;
			files = (
				921203EB1ED5A7BB00BD973F /* OBD2Swift.framework in Embed Frameworks */,
			);
			name = "Embed Frameworks";
			runOnlyForDeploymentPostprocessing = 0;
		};
		925EDDAD1EE97189009B7955 /* Embed Frameworks */ = {
			isa = PBXCopyFilesBuildPhase;
			buildActionMask = 2147483647;
			dstPath = "";
			dstSubfolderSpec = 10;
			files = (
				925EDDAC1EE97189009B7955 /* OBD2SwiftMacOS.framework in Embed Frameworks */,
			);
			name = "Embed Frameworks";
			runOnlyForDeploymentPostprocessing = 0;
		};
/* End PBXCopyFilesBuildPhase section */

/* Begin PBXFileReference section */
		921203E91ED5A7BB00BD973F /* OBD2Swift.framework */ = {isa = PBXFileReference; explicitFileType = wrapper.framework; path = OBD2Swift.framework; sourceTree = BUILT_PRODUCTS_DIR; };
		9258F30A1EAF4664006B7580 /* OBD2-Swift-lib-example.app */ = {isa = PBXFileReference; explicitFileType = wrapper.application; includeInIndex = 0; path = "OBD2-Swift-lib-example.app"; sourceTree = BUILT_PRODUCTS_DIR; };
		9258F30D1EAF4664006B7580 /* AppDelegate.swift */ = {isa = PBXFileReference; lastKnownFileType = sourcecode.swift; path = AppDelegate.swift; sourceTree = "<group>"; };
		9258F30F1EAF4664006B7580 /* ViewController.swift */ = {isa = PBXFileReference; lastKnownFileType = sourcecode.swift; path = ViewController.swift; sourceTree = "<group>"; };
		9258F3121EAF4664006B7580 /* Base */ = {isa = PBXFileReference; lastKnownFileType = file.storyboard; name = Base; path = Base.lproj/Main.storyboard; sourceTree = "<group>"; };
		9258F3151EAF4664006B7580 /* OBD2_Swift_lib_example.xcdatamodel */ = {isa = PBXFileReference; lastKnownFileType = wrapper.xcdatamodel; path = OBD2_Swift_lib_example.xcdatamodel; sourceTree = "<group>"; };
		9258F3171EAF4664006B7580 /* Assets.xcassets */ = {isa = PBXFileReference; lastKnownFileType = folder.assetcatalog; path = Assets.xcassets; sourceTree = "<group>"; };
		9258F31A1EAF4664006B7580 /* Base */ = {isa = PBXFileReference; lastKnownFileType = file.storyboard; name = Base; path = Base.lproj/LaunchScreen.storyboard; sourceTree = "<group>"; };
		9258F31C1EAF4664006B7580 /* Info.plist */ = {isa = PBXFileReference; lastKnownFileType = text.plist.xml; path = Info.plist; sourceTree = "<group>"; };
		9258F33B1EAF4F2F006B7580 /* OBD2Swift.framework */ = {isa = PBXFileReference; lastKnownFileType = wrapper.framework; name = OBD2Swift.framework; path = "../../../Library/Developer/Xcode/DerivedData/OBD2-Swift-lib-fkehnrpbmkugyefydqnhrposkhwn/Build/Products/Debug-iphonesimulator/OBD2Swift.framework"; sourceTree = "<group>"; };
		925EDD581EE96CF6009B7955 /* OBD2 MacOS Example.app */ = {isa = PBXFileReference; explicitFileType = wrapper.application; includeInIndex = 0; path = "OBD2 MacOS Example.app"; sourceTree = BUILT_PRODUCTS_DIR; };
		925EDD5A1EE96CF6009B7955 /* AppDelegate.swift */ = {isa = PBXFileReference; lastKnownFileType = sourcecode.swift; path = AppDelegate.swift; sourceTree = "<group>"; };
		925EDD5C1EE96CF6009B7955 /* ViewController.swift */ = {isa = PBXFileReference; lastKnownFileType = sourcecode.swift; path = ViewController.swift; sourceTree = "<group>"; };
		925EDD5E1EE96CF6009B7955 /* Assets.xcassets */ = {isa = PBXFileReference; lastKnownFileType = folder.assetcatalog; path = Assets.xcassets; sourceTree = "<group>"; };
		925EDD611EE96CF6009B7955 /* Base */ = {isa = PBXFileReference; lastKnownFileType = file.storyboard; name = Base; path = Base.lproj/Main.storyboard; sourceTree = "<group>"; };
		925EDD631EE96CF6009B7955 /* Info.plist */ = {isa = PBXFileReference; lastKnownFileType = text.plist.xml; path = Info.plist; sourceTree = "<group>"; };
		925EDDA91EE97181009B7955 /* OBD2SwiftMacOS.framework */ = {isa = PBXFileReference; lastKnownFileType = wrapper.framework; name = OBD2SwiftMacOS.framework; path = "../../../Library/Developer/Xcode/DerivedData/OBD2-Swift-lib-fkehnrpbmkugyefydqnhrposkhwn/Build/Products/Debug/OBD2SwiftMacOS.framework"; sourceTree = "<group>"; };
/* End PBXFileReference section */

/* Begin PBXFrameworksBuildPhase section */
		9258F3071EAF4664006B7580 /* Frameworks */ = {
			isa = PBXFrameworksBuildPhase;
			buildActionMask = 2147483647;
			files = (
				9258F3431EAF55A7006B7580 /* OBD2Swift.framework in Frameworks */,
			);
			runOnlyForDeploymentPostprocessing = 0;
		};
		925EDD551EE96CF6009B7955 /* Frameworks */ = {
			isa = PBXFrameworksBuildPhase;
			buildActionMask = 2147483647;
			files = (
				925EDDAB1EE97189009B7955 /* OBD2SwiftMacOS.framework in Frameworks */,
			);
			runOnlyForDeploymentPostprocessing = 0;
		};
/* End PBXFrameworksBuildPhase section */

/* Begin PBXGroup section */
		9258F3011EAF4664006B7580 = {
			isa = PBXGroup;
			children = (
				921203E91ED5A7BB00BD973F /* OBD2Swift.framework */,
				9258F30C1EAF4664006B7580 /* OBD2-Swift-lib-example */,
				925EDD591EE96CF6009B7955 /* OBD2 MacOS Example */,
				9258F30B1EAF4664006B7580 /* Products */,
				9258F33A1EAF4F2F006B7580 /* Frameworks */,
			);
			sourceTree = "<group>";
		};
		9258F30B1EAF4664006B7580 /* Products */ = {
			isa = PBXGroup;
			children = (
				9258F30A1EAF4664006B7580 /* OBD2-Swift-lib-example.app */,
				925EDD581EE96CF6009B7955 /* OBD2 MacOS Example.app */,
			);
			name = Products;
			sourceTree = "<group>";
		};
		9258F30C1EAF4664006B7580 /* OBD2-Swift-lib-example */ = {
			isa = PBXGroup;
			children = (
				9258F30D1EAF4664006B7580 /* AppDelegate.swift */,
				9258F30F1EAF4664006B7580 /* ViewController.swift */,
				9258F3111EAF4664006B7580 /* Main.storyboard */,
				9258F3171EAF4664006B7580 /* Assets.xcassets */,
				9258F3191EAF4664006B7580 /* LaunchScreen.storyboard */,
				9258F31C1EAF4664006B7580 /* Info.plist */,
				9258F3141EAF4664006B7580 /* OBD2_Swift_lib_example.xcdatamodeld */,
			);
			path = "OBD2-Swift-lib-example";
			sourceTree = "<group>";
		};
		9258F33A1EAF4F2F006B7580 /* Frameworks */ = {
			isa = PBXGroup;
			children = (
				925EDDA91EE97181009B7955 /* OBD2SwiftMacOS.framework */,
				9258F33B1EAF4F2F006B7580 /* OBD2Swift.framework */,
			);
			name = Frameworks;
			sourceTree = "<group>";
		};
		925EDD591EE96CF6009B7955 /* OBD2 MacOS Example */ = {
			isa = PBXGroup;
			children = (
				925EDD5A1EE96CF6009B7955 /* AppDelegate.swift */,
				925EDD5C1EE96CF6009B7955 /* ViewController.swift */,
				925EDD5E1EE96CF6009B7955 /* Assets.xcassets */,
				925EDD601EE96CF6009B7955 /* Main.storyboard */,
				925EDD631EE96CF6009B7955 /* Info.plist */,
			);
			path = "OBD2 MacOS Example";
			sourceTree = "<group>";
		};
/* End PBXGroup section */

/* Begin PBXNativeTarget section */
		9258F3091EAF4664006B7580 /* OBD2-Swift-lib-example */ = {
			isa = PBXNativeTarget;
			buildConfigurationList = 9258F32A1EAF4664006B7580 /* Build configuration list for PBXNativeTarget "OBD2-Swift-lib-example" */;
			buildPhases = (
				9258F3061EAF4664006B7580 /* Sources */,
				9258F3071EAF4664006B7580 /* Frameworks */,
				9258F3081EAF4664006B7580 /* Resources */,
				921203EC1ED5A7BB00BD973F /* Embed Frameworks */,
			);
			buildRules = (
			);
			dependencies = (
			);
			name = "OBD2-Swift-lib-example";
			productName = "OBD2-Swift-lib-example";
			productReference = 9258F30A1EAF4664006B7580 /* OBD2-Swift-lib-example.app */;
			productType = "com.apple.product-type.application";
		};
		925EDD571EE96CF6009B7955 /* OBD2 MacOS Example */ = {
			isa = PBXNativeTarget;
			buildConfigurationList = 925EDD661EE96CF6009B7955 /* Build configuration list for PBXNativeTarget "OBD2 MacOS Example" */;
			buildPhases = (
				925EDD541EE96CF6009B7955 /* Sources */,
				925EDD551EE96CF6009B7955 /* Frameworks */,
				925EDD561EE96CF6009B7955 /* Resources */,
				925EDDAD1EE97189009B7955 /* Embed Frameworks */,
			);
			buildRules = (
			);
			dependencies = (
			);
			name = "OBD2 MacOS Example";
			productName = "OBD2 MacOS Example";
			productReference = 925EDD581EE96CF6009B7955 /* OBD2 MacOS Example.app */;
			productType = "com.apple.product-type.application";
		};
/* End PBXNativeTarget section */

/* Begin PBXProject section */
		9258F3021EAF4664006B7580 /* Project object */ = {
			isa = PBXProject;
			attributes = {
				LastSwiftUpdateCheck = 0830;
				LastUpgradeCheck = 0830;
				ORGANIZATIONNAME = Lemberg;
				TargetAttributes = {
					9258F3091EAF4664006B7580 = {
						CreatedOnToolsVersion = 8.3.2;
						DevelopmentTeam = J7LBYY3B34;
						LastSwiftMigration = 0830;
						ProvisioningStyle = Automatic;
					};
					925EDD571EE96CF6009B7955 = {
						CreatedOnToolsVersion = 8.3.2;
						DevelopmentTeam = FN2T3UCV4E;
						ProvisioningStyle = Automatic;
					};
				};
			};
			buildConfigurationList = 9258F3051EAF4664006B7580 /* Build configuration list for PBXProject "OBD2-Swift-lib-example" */;
			compatibilityVersion = "Xcode 3.2";
			developmentRegion = English;
			hasScannedForEncodings = 0;
			knownRegions = (
				en,
				Base,
			);
			mainGroup = 9258F3011EAF4664006B7580;
			productRefGroup = 9258F30B1EAF4664006B7580 /* Products */;
			projectDirPath = "";
			projectRoot = "";
			targets = (
				9258F3091EAF4664006B7580 /* OBD2-Swift-lib-example */,
				925EDD571EE96CF6009B7955 /* OBD2 MacOS Example */,
			);
		};
/* End PBXProject section */

/* Begin PBXResourcesBuildPhase section */
		9258F3081EAF4664006B7580 /* Resources */ = {
			isa = PBXResourcesBuildPhase;
			buildActionMask = 2147483647;
			files = (
				9258F31B1EAF4664006B7580 /* LaunchScreen.storyboard in Resources */,
				9258F3181EAF4664006B7580 /* Assets.xcassets in Resources */,
				9258F3131EAF4664006B7580 /* Main.storyboard in Resources */,
			);
			runOnlyForDeploymentPostprocessing = 0;
		};
		925EDD561EE96CF6009B7955 /* Resources */ = {
			isa = PBXResourcesBuildPhase;
			buildActionMask = 2147483647;
			files = (
				925EDD5F1EE96CF6009B7955 /* Assets.xcassets in Resources */,
				925EDD621EE96CF6009B7955 /* Main.storyboard in Resources */,
			);
			runOnlyForDeploymentPostprocessing = 0;
		};
/* End PBXResourcesBuildPhase section */

/* Begin PBXSourcesBuildPhase section */
		9258F3061EAF4664006B7580 /* Sources */ = {
			isa = PBXSourcesBuildPhase;
			buildActionMask = 2147483647;
			files = (
				9258F3101EAF4664006B7580 /* ViewController.swift in Sources */,
				9258F3161EAF4664006B7580 /* OBD2_Swift_lib_example.xcdatamodeld in Sources */,
				9258F30E1EAF4664006B7580 /* AppDelegate.swift in Sources */,
			);
			runOnlyForDeploymentPostprocessing = 0;
		};
		925EDD541EE96CF6009B7955 /* Sources */ = {
			isa = PBXSourcesBuildPhase;
			buildActionMask = 2147483647;
			files = (
				925EDD5D1EE96CF6009B7955 /* ViewController.swift in Sources */,
				925EDD5B1EE96CF6009B7955 /* AppDelegate.swift in Sources */,
			);
			runOnlyForDeploymentPostprocessing = 0;
		};
/* End PBXSourcesBuildPhase section */

/* Begin PBXVariantGroup section */
		9258F3111EAF4664006B7580 /* Main.storyboard */ = {
			isa = PBXVariantGroup;
			children = (
				9258F3121EAF4664006B7580 /* Base */,
			);
			name = Main.storyboard;
			sourceTree = "<group>";
		};
		9258F3191EAF4664006B7580 /* LaunchScreen.storyboard */ = {
			isa = PBXVariantGroup;
			children = (
				9258F31A1EAF4664006B7580 /* Base */,
			);
			name = LaunchScreen.storyboard;
			sourceTree = "<group>";
		};
		925EDD601EE96CF6009B7955 /* Main.storyboard */ = {
			isa = PBXVariantGroup;
			children = (
				925EDD611EE96CF6009B7955 /* Base */,
			);
			name = Main.storyboard;
			sourceTree = "<group>";
		};
/* End PBXVariantGroup section */

/* Begin XCBuildConfiguration section */
		9258F3281EAF4664006B7580 /* Debug */ = {
			isa = XCBuildConfiguration;
			buildSettings = {
				ALWAYS_SEARCH_USER_PATHS = NO;
				CLANG_ANALYZER_NONNULL = YES;
				CLANG_ANALYZER_NUMBER_OBJECT_CONVERSION = YES_AGGRESSIVE;
				CLANG_CXX_LANGUAGE_STANDARD = "gnu++0x";
				CLANG_CXX_LIBRARY = "libc++";
				CLANG_ENABLE_MODULES = YES;
				CLANG_ENABLE_OBJC_ARC = YES;
				CLANG_WARN_BOOL_CONVERSION = YES;
				CLANG_WARN_CONSTANT_CONVERSION = YES;
				CLANG_WARN_DIRECT_OBJC_ISA_USAGE = YES_ERROR;
				CLANG_WARN_DOCUMENTATION_COMMENTS = YES;
				CLANG_WARN_EMPTY_BODY = YES;
				CLANG_WARN_ENUM_CONVERSION = YES;
				CLANG_WARN_INFINITE_RECURSION = YES;
				CLANG_WARN_INT_CONVERSION = YES;
				CLANG_WARN_OBJC_ROOT_CLASS = YES_ERROR;
				CLANG_WARN_SUSPICIOUS_MOVE = YES;
				CLANG_WARN_UNREACHABLE_CODE = YES;
				CLANG_WARN__DUPLICATE_METHOD_MATCH = YES;
				"CODE_SIGN_IDENTITY[sdk=iphoneos*]" = "iPhone Developer";
				COPY_PHASE_STRIP = NO;
				DEBUG_INFORMATION_FORMAT = dwarf;
				ENABLE_STRICT_OBJC_MSGSEND = YES;
				ENABLE_TESTABILITY = YES;
				GCC_C_LANGUAGE_STANDARD = gnu99;
				GCC_DYNAMIC_NO_PIC = NO;
				GCC_NO_COMMON_BLOCKS = YES;
				GCC_OPTIMIZATION_LEVEL = 0;
				GCC_PREPROCESSOR_DEFINITIONS = (
					"DEBUG=1",
					"$(inherited)",
				);
				GCC_WARN_64_TO_32_BIT_CONVERSION = YES;
				GCC_WARN_ABOUT_RETURN_TYPE = YES_ERROR;
				GCC_WARN_UNDECLARED_SELECTOR = YES;
				GCC_WARN_UNINITIALIZED_AUTOS = YES_AGGRESSIVE;
				GCC_WARN_UNUSED_FUNCTION = YES;
				GCC_WARN_UNUSED_VARIABLE = YES;
				IPHONEOS_DEPLOYMENT_TARGET = 10.3;
				MTL_ENABLE_DEBUG_INFO = YES;
				ONLY_ACTIVE_ARCH = YES;
				SDKROOT = iphoneos;
				SWIFT_ACTIVE_COMPILATION_CONDITIONS = DEBUG;
				SWIFT_OPTIMIZATION_LEVEL = "-Onone";
			};
			name = Debug;
		};
		9258F3291EAF4664006B7580 /* Release */ = {
			isa = XCBuildConfiguration;
			buildSettings = {
				ALWAYS_SEARCH_USER_PATHS = NO;
				CLANG_ANALYZER_NONNULL = YES;
				CLANG_ANALYZER_NUMBER_OBJECT_CONVERSION = YES_AGGRESSIVE;
				CLANG_CXX_LANGUAGE_STANDARD = "gnu++0x";
				CLANG_CXX_LIBRARY = "libc++";
				CLANG_ENABLE_MODULES = YES;
				CLANG_ENABLE_OBJC_ARC = YES;
				CLANG_WARN_BOOL_CONVERSION = YES;
				CLANG_WARN_CONSTANT_CONVERSION = YES;
				CLANG_WARN_DIRECT_OBJC_ISA_USAGE = YES_ERROR;
				CLANG_WARN_DOCUMENTATION_COMMENTS = YES;
				CLANG_WARN_EMPTY_BODY = YES;
				CLANG_WARN_ENUM_CONVERSION = YES;
				CLANG_WARN_INFINITE_RECURSION = YES;
				CLANG_WARN_INT_CONVERSION = YES;
				CLANG_WARN_OBJC_ROOT_CLASS = YES_ERROR;
				CLANG_WARN_SUSPICIOUS_MOVE = YES;
				CLANG_WARN_UNREACHABLE_CODE = YES;
				CLANG_WARN__DUPLICATE_METHOD_MATCH = YES;
				"CODE_SIGN_IDENTITY[sdk=iphoneos*]" = "iPhone Developer";
				COPY_PHASE_STRIP = NO;
				DEBUG_INFORMATION_FORMAT = "dwarf-with-dsym";
				ENABLE_NS_ASSERTIONS = NO;
				ENABLE_STRICT_OBJC_MSGSEND = YES;
				GCC_C_LANGUAGE_STANDARD = gnu99;
				GCC_NO_COMMON_BLOCKS = YES;
				GCC_WARN_64_TO_32_BIT_CONVERSION = YES;
				GCC_WARN_ABOUT_RETURN_TYPE = YES_ERROR;
				GCC_WARN_UNDECLARED_SELECTOR = YES;
				GCC_WARN_UNINITIALIZED_AUTOS = YES_AGGRESSIVE;
				GCC_WARN_UNUSED_FUNCTION = YES;
				GCC_WARN_UNUSED_VARIABLE = YES;
				IPHONEOS_DEPLOYMENT_TARGET = 10.3;
				MTL_ENABLE_DEBUG_INFO = NO;
				SDKROOT = iphoneos;
				SWIFT_OPTIMIZATION_LEVEL = "-Owholemodule";
				VALIDATE_PRODUCT = YES;
			};
			name = Release;
		};
		9258F32B1EAF4664006B7580 /* Debug */ = {
			isa = XCBuildConfiguration;
			buildSettings = {
				ASSETCATALOG_COMPILER_APPICON_NAME = AppIcon;
				CLANG_ENABLE_MODULES = YES;
				"CODE_SIGN_IDENTITY[sdk=iphoneos*]" = "iPhone Developer";
				DEVELOPMENT_TEAM = J7LBYY3B34;
				INFOPLIST_FILE = "OBD2-Swift-lib-example/Info.plist";
				LD_RUNPATH_SEARCH_PATHS = "$(inherited) @executable_path/Frameworks";
				PRODUCT_BUNDLE_IDENTIFIER = com.lemberg.OBD2SwiftLibExample;
				PRODUCT_NAME = "$(TARGET_NAME)";
				SWIFT_OPTIMIZATION_LEVEL = "-Onone";
				SWIFT_VERSION = 3.0;
			};
			name = Debug;
		};
		9258F32C1EAF4664006B7580 /* Release */ = {
			isa = XCBuildConfiguration;
			buildSettings = {
				ASSETCATALOG_COMPILER_APPICON_NAME = AppIcon;
				CLANG_ENABLE_MODULES = YES;
				"CODE_SIGN_IDENTITY[sdk=iphoneos*]" = "iPhone Developer";
				DEVELOPMENT_TEAM = J7LBYY3B34;
				INFOPLIST_FILE = "OBD2-Swift-lib-example/Info.plist";
				LD_RUNPATH_SEARCH_PATHS = "$(inherited) @executable_path/Frameworks";
				PRODUCT_BUNDLE_IDENTIFIER = com.lemberg.OBD2SwiftLibExample;
				PRODUCT_NAME = "$(TARGET_NAME)";
				SWIFT_VERSION = 3.0;
			};
			name = Release;
		};
		925EDD641EE96CF6009B7955 /* Debug */ = {
			isa = XCBuildConfiguration;
			buildSettings = {
				ASSETCATALOG_COMPILER_APPICON_NAME = AppIcon;
				CODE_SIGN_IDENTITY = "-";
				COMBINE_HIDPI_IMAGES = YES;
				DEVELOPMENT_TEAM = FN2T3UCV4E;
				INFOPLIST_FILE = "OBD2 MacOS Example/Info.plist";
				LD_RUNPATH_SEARCH_PATHS = "$(inherited) @executable_path/../Frameworks";
				MACOSX_DEPLOYMENT_TARGET = 10.12;
				PRODUCT_BUNDLE_IDENTIFIER = "com.lemberg.OBD2-MacOS-Example";
				PRODUCT_NAME = "$(TARGET_NAME)";
				SDKROOT = macosx;
				SWIFT_VERSION = 3.0;
			};
			name = Debug;
		};
		925EDD651EE96CF6009B7955 /* Release */ = {
			isa = XCBuildConfiguration;
			buildSettings = {
				ASSETCATALOG_COMPILER_APPICON_NAME = AppIcon;
				CODE_SIGN_IDENTITY = "-";
				COMBINE_HIDPI_IMAGES = YES;
				DEVELOPMENT_TEAM = FN2T3UCV4E;
				INFOPLIST_FILE = "OBD2 MacOS Example/Info.plist";
				LD_RUNPATH_SEARCH_PATHS = "$(inherited) @executable_path/../Frameworks";
				MACOSX_DEPLOYMENT_TARGET = 10.12;
				PRODUCT_BUNDLE_IDENTIFIER = "com.lemberg.OBD2-MacOS-Example";
				PRODUCT_NAME = "$(TARGET_NAME)";
				SDKROOT = macosx;
				SWIFT_VERSION = 3.0;
			};
			name = Release;
		};
/* End XCBuildConfiguration section */

/* Begin XCConfigurationList section */
		9258F3051EAF4664006B7580 /* Build configuration list for PBXProject "OBD2-Swift-lib-example" */ = {
			isa = XCConfigurationList;
			buildConfigurations = (
				9258F3281EAF4664006B7580 /* Debug */,
				9258F3291EAF4664006B7580 /* Release */,
			);
			defaultConfigurationIsVisible = 0;
			defaultConfigurationName = Release;
		};
		9258F32A1EAF4664006B7580 /* Build configuration list for PBXNativeTarget "OBD2-Swift-lib-example" */ = {
			isa = XCConfigurationList;
			buildConfigurations = (
				9258F32B1EAF4664006B7580 /* Debug */,
				9258F32C1EAF4664006B7580 /* Release */,
			);
			defaultConfigurationIsVisible = 0;
			defaultConfigurationName = Release;
		};
		925EDD661EE96CF6009B7955 /* Build configuration list for PBXNativeTarget "OBD2 MacOS Example" */ = {
			isa = XCConfigurationList;
			buildConfigurations = (
				925EDD641EE96CF6009B7955 /* Debug */,
				925EDD651EE96CF6009B7955 /* Release */,
			);
			defaultConfigurationIsVisible = 0;
		};
/* End XCConfigurationList section */

/* Begin XCVersionGroup section */
		9258F3141EAF4664006B7580 /* OBD2_Swift_lib_example.xcdatamodeld */ = {
			isa = XCVersionGroup;
			children = (
				9258F3151EAF4664006B7580 /* OBD2_Swift_lib_example.xcdatamodel */,
			);
			currentVersion = 9258F3151EAF4664006B7580 /* OBD2_Swift_lib_example.xcdatamodel */;
			path = OBD2_Swift_lib_example.xcdatamodeld;
			sourceTree = "<group>";
			versionGroupType = wrapper.xcdatamodel;
		};
/* End XCVersionGroup section */
	};
	rootObject = 9258F3021EAF4664006B7580 /* Project object */;
}
